{
  "nodes": {
    "installer-source": {
      "flake": false,
      "locked": {
        "lastModified": 1791304783,
        "narHash": "sha256-aZVu9+ySh91CORygHQSQvJnD2xV5+pHMBJn18h6/FYM=",
        "owner": "ControlStackAI",
        "repo": "agent-installer",
        "rev": "6d02675cd8ce3323589ec9d7f44e99fcf50487a2",
        "type": "github"
      },
      "original": {
        "owner": "ControlStackAI",
        "repo": "agent-installer",
        "rev": "6d02675cd8ce3323589ec9d7f44e99fcf50487a2",
        "type": "github"
      }
    },
    "nixpkgs": {
      "locked": {
        "lastModified": 1791260994,
        "narHash": "sha256-Miqqk/ammqnTUxaoCyvtwoPeLbI1ksFyLxi/CazZpWY=",
        "owner": "NixOS",
        "repo": "nixpkgs",
        "rev": "151fa4e8ddfdd8dd25d945ad94ed54a13de9f6e4",
        "type": "github"
      },
      "original": {
        "owner": "NixOS",
        "repo": "nixpkgs",
        "rev": "151fa4e8ddfdd8dd25d945ad94ed54a13de9f6e4",
        "type": "github"
      }
    },
    "openclaw-source": {
      "flake": false,
      "locked": {
        "lastModified": 1790163937,
        "narHash": "sha256-oSsWtQ8mAH9KZkJKHeS3RedhrfDaMs1Ktrqs8rTP8PU=",
        "owner": "openclaw",
        "repo": "nix-openclaw",
        "rev": "f62d33f760bcbdbc6a52ac589eae22bf99201f90",
        "type": "github"
      },
      "original": {
        "owner": "openclaw",
        "repo": "nix-openclaw",
        "rev": "f62d33f760bcbdbc6a52ac589eae22bf99201f90",
        "type": "github"
      }
    },
    "root": {
      "inputs": {
        "installer-source": "installer-source",
        "nixpkgs": "nixpkgs",
        "openclaw-source": "openclaw-source"
      }
    }
  },
  "root": "root",
  "version": 7
}
